
Microsoft Visual Studio Solution File, Format Version 12.00
# Visual Studio Version 16
VisualStudioVersion = 16.0.30104.148
MinimumVisualStudioVersion = 10.0.40219.1
Project("{2150E333-8FDC-42A3-9474-1A3956D46DE8}") = "Servicos", "Servicos", "{0A88A9B1-19FA-4F6E-A16B-0EA92CC5FD85}"
EndProject
Project("{2150E333-8FDC-42A3-9474-1A3956D46DE8}") = "WebApps", "WebApps", "{0F90CD74-69EB-477D-82DB-1DFDD2B56EAC}"
EndProject
Project("{2150E333-8FDC-42A3-9474-1A3956D46DE8}") = "Cadastros", "Cadastros", "{7BD13B00-3BFD-4610-85D1-D12802D471C8}"
EndProject
Project("{2150E333-8FDC-42A3-9474-1A3956D46DE8}") = "Catalogo", "Catalogo", "{065249AF-882C-4CCA-9BE6-1A511BA29C9F}"
EndProject
Project("{2150E333-8FDC-42A3-9474-1A3956D46DE8}") = "Core", "Core", "{6F1A9E17-F633-4444-83C4-758F8B255AE7}"
EndProject
Project("{2150E333-8FDC-42A3-9474-1A3956D46DE8}") = "Fiscal", "Fiscal", "{40254739-29C7-4E60-A04B-63D76F76D7F3}"
EndProject
Project("{2150E333-8FDC-42A3-9474-1A3956D46DE8}") = "Pagamentos", "Pagamentos", "{E916DCDC-C42C-4088-BFD0-448B22ADD046}"
EndProject
Project("{2150E333-8FDC-42A3-9474-1A3956D46DE8}") = "Vendas", "Vendas", "{394F5CA2-C5DB-47A9-A8FB-2A25454ABEDC}"
EndProject
Project("{9A19103F-16F7-4668-BE54-9A1E7A4F7556}") = "NerdStore.Catalogo.Domain", "src\NerdStore.Catalogo.Domain\NerdStore.Catalogo.Domain.csproj", "{07AE5FA4-6EA3-479D-B8AF-8D7F502B53F0}"
EndProject
Project("{9A19103F-16F7-4668-BE54-9A1E7A4F7556}") = "NerdStore.Core", "src\NerdStore.Core\NerdStore.Core.csproj", "{68BAA8F8-0BBD-48AC-8A58-DEFB21400B61}"
EndProject
Project("{2150E333-8FDC-42A3-9474-1A3956D46DE8}") = "Tests", "Tests", "{0E1D6941-1D91-498E-96DE-5637DE647ED1}"
EndProject
Project("{9A19103F-16F7-4668-BE54-9A1E7A4F7556}") = "NerdStore.Catalago.Dominio.Tests", "tests\NerdStore.Catalago.Dominio.Tests\NerdStore.Catalago.Dominio.Tests.csproj", "{8C79C7DF-8A61-4489-88AA-773C186C72DF}"
EndProject
Project("{9A19103F-16F7-4668-BE54-9A1E7A4F7556}") = "NerdStore.Catalogo.Data", "src\NerdStore.Catalogo.Data\NerdStore.Catalogo.Data.csproj", "{71A2EBDD-9BB8-44DE-B07B-6651DE61AA73}"
EndProject
Project("{FAE04EC0-301F-11D3-BF4B-00C04F79EFBC}") = "NerdStore.Catalogo.Application", "src\NerdStore.Catalogo.Application\NerdStore.Catalogo.Application.csproj", "{85D1D0C9-020C-4B4D-B6BA-BBCB96507BCC}"
EndProject
Project("{FAE04EC0-301F-11D3-BF4B-00C04F79EFBC}") = "NerdStore.WebApp.MVC", "src\NerdStore.WebApp.MVC\NerdStore.WebApp.MVC.csproj", "{8B1CC5A3-4099-4FCD-9C8E-88452BD38450}"
EndProject
Global
	GlobalSection(SolutionConfigurationPlatforms) = preSolution
		Debug|Any CPU = Debug|Any CPU
		Release|Any CPU = Release|Any CPU
	EndGlobalSection
	GlobalSection(ProjectConfigurationPlatforms) = postSolution
		{07AE5FA4-6EA3-479D-B8AF-8D7F502B53F0}.Debug|Any CPU.ActiveCfg = Debug|Any CPU
		{07AE5FA4-6EA3-479D-B8AF-8D7F502B53F0}.Debug|Any CPU.Build.0 = Debug|Any CPU
		{07AE5FA4-6EA3-479D-B8AF-8D7F502B53F0}.Release|Any CPU.ActiveCfg = Release|Any CPU
		{07AE5FA4-6EA3-479D-B8AF-8D7F502B53F0}.Release|Any CPU.Build.0 = Release|Any CPU
		{68BAA8F8-0BBD-48AC-8A58-DEFB21400B61}.Debug|Any CPU.ActiveCfg = Debug|Any CPU
		{68BAA8F8-0BBD-48AC-8A58-DEFB21400B61}.Debug|Any CPU.Build.0 = Debug|Any CPU
		{68BAA8F8-0BBD-48AC-8A58-DEFB21400B61}.Release|Any CPU.ActiveCfg = Release|Any CPU
		{68BAA8F8-0BBD-48AC-8A58-DEFB21400B61}.Release|Any CPU.Build.0 = Release|Any CPU
		{8C79C7DF-8A61-4489-88AA-773C186C72DF}.Debug|Any CPU.ActiveCfg = Debug|Any CPU
		{8C79C7DF-8A61-4489-88AA-773C186C72DF}.Debug|Any CPU.Build.0 = Debug|Any CPU
		{8C79C7DF-8A61-4489-88AA-773C186C72DF}.Release|Any CPU.ActiveCfg = Release|Any CPU
		{8C79C7DF-8A61-4489-88AA-773C186C72DF}.Release|Any CPU.Build.0 = Release|Any CPU
		{71A2EBDD-9BB8-44DE-B07B-6651DE61AA73}.Debug|Any CPU.ActiveCfg = Debug|Any CPU
		{71A2EBDD-9BB8-44DE-B07B-6651DE61AA73}.Debug|Any CPU.Build.0 = Debug|Any CPU
		{71A2EBDD-9BB8-44DE-B07B-6651DE61AA73}.Release|Any CPU.ActiveCfg = Release|Any CPU
		{71A2EBDD-9BB8-44DE-B07B-6651DE61AA73}.Release|Any CPU.Build.0 = Release|Any CPU
		{85D1D0C9-020C-4B4D-B6BA-BBCB96507BCC}.Debug|Any CPU.ActiveCfg = Debug|Any CPU
		{85D1D0C9-020C-4B4D-B6BA-BBCB96507BCC}.Debug|Any CPU.Build.0 = Debug|Any CPU
		{85D1D0C9-020C-4B4D-B6BA-BBCB96507BCC}.Release|Any CPU.ActiveCfg = Release|Any CPU
		{85D1D0C9-020C-4B4D-B6BA-BBCB96507BCC}.Release|Any CPU.Build.0 = Release|Any CPU
		{8B1CC5A3-4099-4FCD-9C8E-88452BD38450}.Debug|Any CPU.ActiveCfg = Debug|Any CPU
		{8B1CC5A3-4099-4FCD-9C8E-88452BD38450}.Debug|Any CPU.Build.0 = Debug|Any CPU
		{8B1CC5A3-4099-4FCD-9C8E-88452BD38450}.Release|Any CPU.ActiveCfg = Release|Any CPU
		{8B1CC5A3-4099-4FCD-9C8E-88452BD38450}.Release|Any CPU.Build.0 = Release|Any CPU
	EndGlobalSection
	GlobalSection(SolutionProperties) = preSolution
		HideSolutionNode = FALSE
	EndGlobalSection
	GlobalSection(NestedProjects) = preSolution
		{7BD13B00-3BFD-4610-85D1-D12802D471C8} = {0A88A9B1-19FA-4F6E-A16B-0EA92CC5FD85}
		{065249AF-882C-4CCA-9BE6-1A511BA29C9F} = {0A88A9B1-19FA-4F6E-A16B-0EA92CC5FD85}
		{6F1A9E17-F633-4444-83C4-758F8B255AE7} = {0A88A9B1-19FA-4F6E-A16B-0EA92CC5FD85}
		{40254739-29C7-4E60-A04B-63D76F76D7F3} = {0A88A9B1-19FA-4F6E-A16B-0EA92CC5FD85}
		{E916DCDC-C42C-4088-BFD0-448B22ADD046} = {0A88A9B1-19FA-4F6E-A16B-0EA92CC5FD85}
		{394F5CA2-C5DB-47A9-A8FB-2A25454ABEDC} = {0A88A9B1-19FA-4F6E-A16B-0EA92CC5FD85}
		{07AE5FA4-6EA3-479D-B8AF-8D7F502B53F0} = {065249AF-882C-4CCA-9BE6-1A511BA29C9F}
		{68BAA8F8-0BBD-48AC-8A58-DEFB21400B61} = {6F1A9E17-F633-4444-83C4-758F8B255AE7}
		{0E1D6941-1D91-498E-96DE-5637DE647ED1} = {065249AF-882C-4CCA-9BE6-1A511BA29C9F}
		{8C79C7DF-8A61-4489-88AA-773C186C72DF} = {0E1D6941-1D91-498E-96DE-5637DE647ED1}
		{71A2EBDD-9BB8-44DE-B07B-6651DE61AA73} = {065249AF-882C-4CCA-9BE6-1A511BA29C9F}
		{85D1D0C9-020C-4B4D-B6BA-BBCB96507BCC} = {065249AF-882C-4CCA-9BE6-1A511BA29C9F}
		{8B1CC5A3-4099-4FCD-9C8E-88452BD38450} = {0F90CD74-69EB-477D-82DB-1DFDD2B56EAC}
	EndGlobalSection
	GlobalSection(ExtensibilityGlobals) = postSolution
		SolutionGuid = {F42B9935-D05C-4502-BDF4-B7F4D96F0AC0}
	EndGlobalSection
EndGlobal
